
Microsoft Visual Studio Solution File, Format Version 12.00
# Visual Studio Version 16
VisualStudioVersion = 16.0.29709.97
MinimumVisualStudioVersion = 10.0.40219.1
Project("{FAE04EC0-301F-11D3-BF4B-00C04F79EFBC}") = "Task2", "Task2\Task2.csproj", "{4977827C-5169-4A0A-99FF-E24F32D627B2}"
EndProject
Global
	GlobalSection(SolutionConfigurationPlatforms) = preSolution
		Debug|Any CPU = Debug|Any CPU
		Release|Any CPU = Release|Any CPU
	EndGlobalSection
	GlobalSection(ProjectConfigurationPlatforms) = postSolution
		{4977827C-5169-4A0A-99FF-E24F32D627B2}.Debug|Any CPU.ActiveCfg = Debug|Any CPU
		{4977827C-5169-4A0A-99FF-E24F32D627B2}.Debug|Any CPU.Build.0 = Debug|Any CPU
		{4977827C-5169-4A0A-99FF-E24F32D627B2}.Release|Any CPU.ActiveCfg = Release|Any CPU
		{4977827C-5169-4A0A-99FF-E24F32D627B2}.Release|Any CPU.Build.0 = Release|Any CPU
	EndGlobalSection
	GlobalSection(SolutionProperties) = preSolution
		HideSolutionNode = FALSE
	EndGlobalSection
	GlobalSection(ExtensibilityGlobals) = postSolution
		SolutionGuid = {F5B0FE31-2166-4875-9148-CFA60520CD24}
	EndGlobalSection
EndGlobal
